
Microsoft Visual Studio Solution File, Format Version 12.00
# Visual Studio 15
Project("{FAE04EC0-301F-11D3-BF4B-00C04F79EFBC}") = "UniTask", "UniTask.csproj", "{4F044CC1-BA15-3163-D3BC-06270D434116}"
EndProject
Project("{FAE04EC0-301F-11D3-BF4B-00C04F79EFBC}") = "UniRx", "UniRx.csproj", "{77EAF54C-CDA7-2025-1532-449A1A430395}"
EndProject
Project("{FAE04EC0-301F-11D3-BF4B-00C04F79EFBC}") = "UniTask.Linq", "UniTask.Linq.csproj", "{1FE415C7-460C-E5E2-695E-DCDB8C051E89}"
EndProject
Project("{FAE04EC0-301F-11D3-BF4B-00C04F79EFBC}") = "UniTask.DOTween", "UniTask.DOTween.csproj", "{0E3A2128-1C5B-501A-760C-B39C2141879E}"
EndProject
Project("{FAE04EC0-301F-11D3-BF4B-00C04F79EFBC}") = "Assembly-CSharp", "Assembly-CSharp.csproj", "{4C573138-E68A-2945-7733-FD627566946C}"
EndProject
Project("{FAE04EC0-301F-11D3-BF4B-00C04F79EFBC}") = "UniRx.Examples", "UniRx.Examples.csproj", "{C3BD25DF-EDC6-2128-CDD6-F566446AD2E1}"
EndProject
Project("{FAE04EC0-301F-11D3-BF4B-00C04F79EFBC}") = "UniTask.TextMeshPro", "UniTask.TextMeshPro.csproj", "{77F8AF88-EC58-6CAC-C5E4-143D8C3CD117}"
EndProject
Project("{FAE04EC0-301F-11D3-BF4B-00C04F79EFBC}") = "UniTask.Addressables", "UniTask.Addressables.csproj", "{71886225-0906-2C6E-2711-8E7133A59656}"
EndProject
Project("{FAE04EC0-301F-11D3-BF4B-00C04F79EFBC}") = "UniTask.Editor", "UniTask.Editor.csproj", "{7CBB16EF-0829-A20C-89B0-144A72E45341}"
EndProject
Global
	GlobalSection(SolutionConfigurationPlatforms) = preSolution
		Debug|Any CPU = Debug|Any CPU
		Release|Any CPU = Release|Any CPU
	EndGlobalSection
	GlobalSection(ProjectConfigurationPlatforms) = postSolution
		{4F044CC1-BA15-3163-D3BC-06270D434116}.Debug|Any CPU.ActiveCfg = Debug|Any CPU
		{4F044CC1-BA15-3163-D3BC-06270D434116}.Debug|Any CPU.Build.0 = Debug|Any CPU
		{4F044CC1-BA15-3163-D3BC-06270D434116}.Release|Any CPU.ActiveCfg = Release|Any CPU
		{4F044CC1-BA15-3163-D3BC-06270D434116}.Release|Any CPU.Build.0 = Release|Any CPU
		{77EAF54C-CDA7-2025-1532-449A1A430395}.Debug|Any CPU.ActiveCfg = Debug|Any CPU
		{77EAF54C-CDA7-2025-1532-449A1A430395}.Debug|Any CPU.Build.0 = Debug|Any CPU
		{77EAF54C-CDA7-2025-1532-449A1A430395}.Release|Any CPU.ActiveCfg = Release|Any CPU
		{77EAF54C-CDA7-2025-1532-449A1A430395}.Release|Any CPU.Build.0 = Release|Any CPU
		{1FE415C7-460C-E5E2-695E-DCDB8C051E89}.Debug|Any CPU.ActiveCfg = Debug|Any CPU
		{1FE415C7-460C-E5E2-695E-DCDB8C051E89}.Debug|Any CPU.Build.0 = Debug|Any CPU
		{1FE415C7-460C-E5E2-695E-DCDB8C051E89}.Release|Any CPU.ActiveCfg = Release|Any CPU
		{1FE415C7-460C-E5E2-695E-DCDB8C051E89}.Release|Any CPU.Build.0 = Release|Any CPU
		{0E3A2128-1C5B-501A-760C-B39C2141879E}.Debug|Any CPU.ActiveCfg = Debug|Any CPU
		{0E3A2128-1C5B-501A-760C-B39C2141879E}.Debug|Any CPU.Build.0 = Debug|Any CPU
		{0E3A2128-1C5B-501A-760C-B39C2141879E}.Release|Any CPU.ActiveCfg = Release|Any CPU
		{0E3A2128-1C5B-501A-760C-B39C2141879E}.Release|Any CPU.Build.0 = Release|Any CPU
		{4C573138-E68A-2945-7733-FD627566946C}.Debug|Any CPU.ActiveCfg = Debug|Any CPU
		{4C573138-E68A-2945-7733-FD627566946C}.Debug|Any CPU.Build.0 = Debug|Any CPU
		{4C573138-E68A-2945-7733-FD627566946C}.Release|Any CPU.ActiveCfg = Release|Any CPU
		{4C573138-E68A-2945-7733-FD627566946C}.Release|Any CPU.Build.0 = Release|Any CPU
		{C3BD25DF-EDC6-2128-CDD6-F566446AD2E1}.Debug|Any CPU.ActiveCfg = Debug|Any CPU
		{C3BD25DF-EDC6-2128-CDD6-F566446AD2E1}.Debug|Any CPU.Build.0 = Debug|Any CPU
		{C3BD25DF-EDC6-2128-CDD6-F566446AD2E1}.Release|Any CPU.ActiveCfg = Release|Any CPU
		{C3BD25DF-EDC6-2128-CDD6-F566446AD2E1}.Release|Any CPU.Build.0 = Release|Any CPU
		{77F8AF88-EC58-6CAC-C5E4-143D8C3CD117}.Debug|Any CPU.ActiveCfg = Debug|Any CPU
		{77F8AF88-EC58-6CAC-C5E4-143D8C3CD117}.Debug|Any CPU.Build.0 = Debug|Any CPU
		{77F8AF88-EC58-6CAC-C5E4-143D8C3CD117}.Release|Any CPU.ActiveCfg = Release|Any CPU
		{77F8AF88-EC58-6CAC-C5E4-143D8C3CD117}.Release|Any CPU.Build.0 = Release|Any CPU
		{71886225-0906-2C6E-2711-8E7133A59656}.Debug|Any CPU.ActiveCfg = Debug|Any CPU
		{71886225-0906-2C6E-2711-8E7133A59656}.Debug|Any CPU.Build.0 = Debug|Any CPU
		{71886225-0906-2C6E-2711-8E7133A59656}.Release|Any CPU.ActiveCfg = Release|Any CPU
		{71886225-0906-2C6E-2711-8E7133A59656}.Release|Any CPU.Build.0 = Release|Any CPU
		{7CBB16EF-0829-A20C-89B0-144A72E45341}.Debug|Any CPU.ActiveCfg = Debug|Any CPU
		{7CBB16EF-0829-A20C-89B0-144A72E45341}.Debug|Any CPU.Build.0 = Debug|Any CPU
		{7CBB16EF-0829-A20C-89B0-144A72E45341}.Release|Any CPU.ActiveCfg = Release|Any CPU
		{7CBB16EF-0829-A20C-89B0-144A72E45341}.Release|Any CPU.Build.0 = Release|Any CPU
	EndGlobalSection
	GlobalSection(SolutionProperties) = preSolution
		HideSolutionNode = FALSE
	EndGlobalSection
EndGlobal
